
Microsoft Visual Studio Solution File, Format Version 12.00
# Visual Studio 14
VisualStudioVersion = 14.0.25420.1
MinimumVisualStudioVersion = 10.0.40219.1
Project("{2150E333-8FDC-42A3-9474-1A3956D46DE8}") = "UI", "UI", "{E9DDCB14-A7AF-49DA-A4E2-2C22FCB33245}"
EndProject
Project("{2150E333-8FDC-42A3-9474-1A3956D46DE8}") = "DAL", "DAL", "{104AF23F-C44A-4C98-B2BF-3762DE1AF70A}"
EndProject
Project("{2150E333-8FDC-42A3-9474-1A3956D46DE8}") = "BLL", "BLL", "{4DAB617F-B50C-4107-9CCA-8A1375544898}"
EndProject
Project("{2150E333-8FDC-42A3-9474-1A3956D46DE8}") = "Model", "Model", "{DD3E44D5-DD78-4AD8-9173-0DB08DC8E61E}"
EndProject
Project("{FAE04EC0-301F-11D3-BF4B-00C04F79EFBC}") = "CTMMISModel", "CTMMISModel\CTMMISModel.csproj", "{3E39F4FD-BE46-4269-B399-B0B270DE41CF}"
EndProject
Project("{FAE04EC0-301F-11D3-BF4B-00C04F79EFBC}") = "CTMMIS.IDAL", "CTMMIS.IDAL\CTMMIS.IDAL.csproj", "{54EC1853-B76D-4AD7-87C9-DBC32B5B3D21}"
EndProject
Project("{FAE04EC0-301F-11D3-BF4B-00C04F79EFBC}") = "CTMMIS.DAL", "CTMMIS.DAL\CTMMIS.DAL.csproj", "{080D1F79-9CE6-498D-9811-D33AF5E09D32}"
EndProject
Project("{FAE04EC0-301F-11D3-BF4B-00C04F79EFBC}") = "CTMMIS.IBLL", "CTMMIS.IBLL\CTMMIS.IBLL.csproj", "{742653D8-F50A-45F4-AA4C-9609499596A7}"
EndProject
Project("{FAE04EC0-301F-11D3-BF4B-00C04F79EFBC}") = "CTMMIS.BLL", "CTMMIS.BLL\CTMMIS.BLL.csproj", "{864089C5-87B8-4CA8-B2A6-DF5A98CA0EA8}"
EndProject
Project("{FAE04EC0-301F-11D3-BF4B-00C04F79EFBC}") = "Web", "Web\Web.csproj", "{F33E7E71-4B92-4E9F-99AC-BBC66A656AA7}"
EndProject
Global
	GlobalSection(SolutionConfigurationPlatforms) = preSolution
		Debug|Any CPU = Debug|Any CPU
		Release|Any CPU = Release|Any CPU
	EndGlobalSection
	GlobalSection(ProjectConfigurationPlatforms) = postSolution
		{3E39F4FD-BE46-4269-B399-B0B270DE41CF}.Debug|Any CPU.ActiveCfg = Debug|Any CPU
		{3E39F4FD-BE46-4269-B399-B0B270DE41CF}.Debug|Any CPU.Build.0 = Debug|Any CPU
		{3E39F4FD-BE46-4269-B399-B0B270DE41CF}.Release|Any CPU.ActiveCfg = Release|Any CPU
		{3E39F4FD-BE46-4269-B399-B0B270DE41CF}.Release|Any CPU.Build.0 = Release|Any CPU
		{54EC1853-B76D-4AD7-87C9-DBC32B5B3D21}.Debug|Any CPU.ActiveCfg = Debug|Any CPU
		{54EC1853-B76D-4AD7-87C9-DBC32B5B3D21}.Debug|Any CPU.Build.0 = Debug|Any CPU
		{54EC1853-B76D-4AD7-87C9-DBC32B5B3D21}.Release|Any CPU.ActiveCfg = Release|Any CPU
		{54EC1853-B76D-4AD7-87C9-DBC32B5B3D21}.Release|Any CPU.Build.0 = Release|Any CPU
		{080D1F79-9CE6-498D-9811-D33AF5E09D32}.Debug|Any CPU.ActiveCfg = Debug|Any CPU
		{080D1F79-9CE6-498D-9811-D33AF5E09D32}.Debug|Any CPU.Build.0 = Debug|Any CPU
		{080D1F79-9CE6-498D-9811-D33AF5E09D32}.Release|Any CPU.ActiveCfg = Release|Any CPU
		{080D1F79-9CE6-498D-9811-D33AF5E09D32}.Release|Any CPU.Build.0 = Release|Any CPU
		{742653D8-F50A-45F4-AA4C-9609499596A7}.Debug|Any CPU.ActiveCfg = Debug|Any CPU
		{742653D8-F50A-45F4-AA4C-9609499596A7}.Debug|Any CPU.Build.0 = Debug|Any CPU
		{742653D8-F50A-45F4-AA4C-9609499596A7}.Release|Any CPU.ActiveCfg = Release|Any CPU
		{742653D8-F50A-45F4-AA4C-9609499596A7}.Release|Any CPU.Build.0 = Release|Any CPU
		{864089C5-87B8-4CA8-B2A6-DF5A98CA0EA8}.Debug|Any CPU.ActiveCfg = Debug|Any CPU
		{864089C5-87B8-4CA8-B2A6-DF5A98CA0EA8}.Debug|Any CPU.Build.0 = Debug|Any CPU
		{864089C5-87B8-4CA8-B2A6-DF5A98CA0EA8}.Release|Any CPU.ActiveCfg = Release|Any CPU
		{864089C5-87B8-4CA8-B2A6-DF5A98CA0EA8}.Release|Any CPU.Build.0 = Release|Any CPU
		{F33E7E71-4B92-4E9F-99AC-BBC66A656AA7}.Debug|Any CPU.ActiveCfg = Debug|Any CPU
		{F33E7E71-4B92-4E9F-99AC-BBC66A656AA7}.Debug|Any CPU.Build.0 = Debug|Any CPU
		{F33E7E71-4B92-4E9F-99AC-BBC66A656AA7}.Release|Any CPU.ActiveCfg = Release|Any CPU
		{F33E7E71-4B92-4E9F-99AC-BBC66A656AA7}.Release|Any CPU.Build.0 = Release|Any CPU
	EndGlobalSection
	GlobalSection(SolutionProperties) = preSolution
		HideSolutionNode = FALSE
	EndGlobalSection
	GlobalSection(NestedProjects) = preSolution
		{3E39F4FD-BE46-4269-B399-B0B270DE41CF} = {DD3E44D5-DD78-4AD8-9173-0DB08DC8E61E}
		{54EC1853-B76D-4AD7-87C9-DBC32B5B3D21} = {104AF23F-C44A-4C98-B2BF-3762DE1AF70A}
		{080D1F79-9CE6-498D-9811-D33AF5E09D32} = {104AF23F-C44A-4C98-B2BF-3762DE1AF70A}
		{742653D8-F50A-45F4-AA4C-9609499596A7} = {4DAB617F-B50C-4107-9CCA-8A1375544898}
		{864089C5-87B8-4CA8-B2A6-DF5A98CA0EA8} = {4DAB617F-B50C-4107-9CCA-8A1375544898}
		{F33E7E71-4B92-4E9F-99AC-BBC66A656AA7} = {E9DDCB14-A7AF-49DA-A4E2-2C22FCB33245}
	EndGlobalSection
EndGlobal
